// !$*UTF8*$!
{
	archiveVersion = 1;
	classes = {
	};
	objectVersion = 46;
	objects = {

/* Begin PBXBuildFile section */
		268C4CED1EDF0ACA0049AE32 /* AppDelegate.swift in Sources */ = {isa = PBXBuildFile; fileRef = 268C4CEC1EDF0ACA0049AE32 /* AppDelegate.swift */; };
		268C4CF21EDF0ACA0049AE32 /* Main.storyboard in Resources */ = {isa = PBXBuildFile; fileRef = 268C4CF01EDF0ACA0049AE32 /* Main.storyboard */; };
		268C4CF41EDF0ACA0049AE32 /* Assets.xcassets in Resources */ = {isa = PBXBuildFile; fileRef = 268C4CF31EDF0ACA0049AE32 /* Assets.xcassets */; };
		268C4CF71EDF0ACA0049AE32 /* LaunchScreen.storyboard in Resources */ = {isa = PBXBuildFile; fileRef = 268C4CF51EDF0ACA0049AE32 /* LaunchScreen.storyboard */; };
		268C4CFF1EDF0B000049AE32 /* TimerViewController.swift in Sources */ = {isa = PBXBuildFile; fileRef = 268C4CFE1EDF0B000049AE32 /* TimerViewController.swift */; };
		268C4D011EDF0B090049AE32 /* CircleView.swift in Sources */ = {isa = PBXBuildFile; fileRef = 268C4D001EDF0B090049AE32 /* CircleView.swift */; };
/* End PBXBuildFile section */

/* Begin PBXFileReference section */
		268C4CE91EDF0ACA0049AE32 /* Project4_CircularTimer.app */ = {isa = PBXFileReference; explicitFileType = wrapper.application; includeInIndex = 0; path = Project4_CircularTimer.app; sourceTree = BUILT_PRODUCTS_DIR; };
		268C4CEC1EDF0ACA0049AE32 /* AppDelegate.swift */ = {isa = PBXFileReference; lastKnownFileType = sourcecode.swift; path = AppDelegate.swift; sourceTree = "<group>"; };
		268C4CF11EDF0ACA0049AE32 /* Base */ = {isa = PBXFileReference; lastKnownFileType = file.storyboard; name = Base; path = Base.lproj/Main.storyboard; sourceTree = "<group>"; };
		268C4CF31EDF0ACA0049AE32 /* Assets.xcassets */ = {isa = PBXFileReference; lastKnownFileType = folder.assetcatalog; path = Assets.xcassets; sourceTree = "<group>"; };
		268C4CF61EDF0ACA0049AE32 /* Base */ = {isa = PBXFileReference; lastKnownFileType = file.storyboard; name = Base; path = Base.lproj/LaunchScreen.storyboard; sourceTree = "<group>"; };
		268C4CF81EDF0ACA0049AE32 /* Info.plist */ = {isa = PBXFileReference; lastKnownFileType = text.plist.xml; path = Info.plist; sourceTree = "<group>"; };
		268C4CFE1EDF0B000049AE32 /* TimerViewController.swift */ = {isa = PBXFileReference; fileEncoding = 4; lastKnownFileType = sourcecode.swift; path = TimerViewController.swift; sourceTree = "<group>"; };
		268C4D001EDF0B090049AE32 /* CircleView.swift */ = {isa = PBXFileReference; fileEncoding = 4; lastKnownFileType = sourcecode.swift; path = CircleView.swift; sourceTree = "<group>"; };
/* End PBXFileReference section */

/* Begin PBXFrameworksBuildPhase section */
		268C4CE61EDF0ACA0049AE32 /* Frameworks */ = {
			isa = PBXFrameworksBuildPhase;
			buildActionMask = 2147483647;
			files = (
			);
			runOnlyForDeploymentPostprocessing = 0;
		};
/* End PBXFrameworksBuildPhase section */

/* Begin PBXGroup section */
		268C4CE01EDF0ACA0049AE32 = {
			isa = PBXGroup;
			children = (
				268C4CEB1EDF0ACA0049AE32 /* Project4_CircularTimer */,
				268C4CEA1EDF0ACA0049AE32 /* Products */,
			);
			sourceTree = "<group>";
		};
		268C4CEA1EDF0ACA0049AE32 /* Products */ = {
			isa = PBXGroup;
			children = (
				268C4CE91EDF0ACA0049AE32 /* Project4_CircularTimer.app */,
			);
			name = Products;
			sourceTree = "<group>";
		};
		268C4CEB1EDF0ACA0049AE32 /* Project4_CircularTimer */ = {
			isa = PBXGroup;
			children = (
				268C4CEC1EDF0ACA0049AE32 /* AppDelegate.swift */,
				268C4D001EDF0B090049AE32 /* CircleView.swift */,
				268C4CFE1EDF0B000049AE32 /* TimerViewController.swift */,
				268C4CF01EDF0ACA0049AE32 /* Main.storyboard */,
				268C4CF31EDF0ACA0049AE32 /* Assets.xcassets */,
				268C4CF51EDF0ACA0049AE32 /* LaunchScreen.storyboard */,
				268C4CF81EDF0ACA0049AE32 /* Info.plist */,
			);
			path = Project4_CircularTimer;
			sourceTree = "<group>";
		};
/* End PBXGroup section */

/* Begin PBXNativeTarget section */
		268C4CE81EDF0ACA0049AE32 /* Project4_CircularTimer */ = {
			isa = PBXNativeTarget;
			buildConfigurationList = 268C4CFB1EDF0ACA0049AE32 /* Build configuration list for PBXNativeTarget "Project4_CircularTimer" */;
			buildPhases = (
				268C4CE51EDF0ACA0049AE32 /* Sources */,
				268C4CE61EDF0ACA0049AE32 /* Frameworks */,
				268C4CE71EDF0ACA0049AE32 /* Resources */,
			);
			buildRules = (
			);
			dependencies = (
			);
			name = Project4_CircularTimer;
			productName = Project4_CircularTimer;
			productReference = 268C4CE91EDF0ACA0049AE32 /* Project4_CircularTimer.app */;
			productType = "com.apple.product-type.application";
		};
/* End PBXNativeTarget section */

/* Begin PBXProject section */
		268C4CE11EDF0ACA0049AE32 /* Project object */ = {
			isa = PBXProject;
			attributes = {
				LastSwiftUpdateCheck = 0830;
				LastUpgradeCheck = 0830;
				ORGANIZATIONNAME = "kanchan yadav";
				TargetAttributes = {
					268C4CE81EDF0ACA0049AE32 = {
						CreatedOnToolsVersion = 8.3.2;
						DevelopmentTeam = JG332KPJ4U;
						ProvisioningStyle = Automatic;
					};
				};
			};
			buildConfigurationList = 268C4CE41EDF0ACA0049AE32 /* Build configuration list for PBXProject "Project4_CircularTimer" */;
			compatibilityVersion = "Xcode 3.2";
			developmentRegion = English;
			hasScannedForEncodings = 0;
			knownRegions = (
				en,
				Base,
			);
			mainGroup = 268C4CE01EDF0ACA0049AE32;
			productRefGroup = 268C4CEA1EDF0ACA0049AE32 /* Products */;
			projectDirPath = "";
			projectRoot = "";
			targets = (
				268C4CE81EDF0ACA0049AE32 /* Project4_CircularTimer */,
			);
		};
/* End PBXProject section */

/* Begin PBXResourcesBuildPhase section */
		268C4CE71EDF0ACA0049AE32 /* Resources */ = {
			isa = PBXResourcesBuildPhase;
			buildActionMask = 2147483647;
			files = (
				268C4CF71EDF0ACA0049AE32 /* LaunchScreen.storyboard in Resources */,
				268C4CF41EDF0ACA0049AE32 /* Assets.xcassets in Resources */,
				268C4CF21EDF0ACA0049AE32 /* Main.storyboard in Resources */,
			);
			runOnlyForDeploymentPostprocessing = 0;
		};
/* End PBXResourcesBuildPhase section */

/* Begin PBXSourcesBuildPhase section */
		268C4CE51EDF0ACA0049AE32 /* Sources */ = {
			isa = PBXSourcesBuildPhase;
			buildActionMask = 2147483647;
			files = (
				268C4D011EDF0B090049AE32 /* CircleView.swift in Sources */,
				268C4CFF1EDF0B000049AE32 /* TimerViewController.swift in Sources */,
				268C4CED1EDF0ACA0049AE32 /* AppDelegate.swift in Sources */,
			);
			runOnlyForDeploymentPostprocessing = 0;
		};
/* End PBXSourcesBuildPhase section */

/* Begin PBXVariantGroup section */
		268C4CF01EDF0ACA0049AE32 /* Main.storyboard */ = {
			isa = PBXVariantGroup;
			children = (
				268C4CF11EDF0ACA0049AE32 /* Base */,
			);
			name = Main.storyboard;
			sourceTree = "<group>";
		};
		268C4CF51EDF0ACA0049AE32 /* LaunchScreen.storyboard */ = {
			isa = PBXVariantGroup;
			children = (
				268C4CF61EDF0ACA0049AE32 /* Base */,
			);
			name = LaunchScreen.storyboard;
			sourceTree = "<group>";
		};
/* End PBXVariantGroup section */

/* Begin XCBuildConfiguration section */
		268C4CF91EDF0ACA0049AE32 /* Debug */ = {
			isa = XCBuildConfiguration;
			buildSettings = {
				ALWAYS_SEARCH_USER_PATHS = NO;
				CLANG_ANALYZER_NONNULL = YES;
				CLANG_ANALYZER_NUMBER_OBJECT_CONVERSION = YES_AGGRESSIVE;
				CLANG_CXX_LANGUAGE_STANDARD = "gnu++0x";
				CLANG_CXX_LIBRARY = "libc++";
				CLANG_ENABLE_MODULES = YES;
				CLANG_ENABLE_OBJC_ARC = YES;
				CLANG_WARN_BOOL_CONVERSION = YES;
				CLANG_WARN_CONSTANT_CONVERSION = YES;
				CLANG_WARN_DIRECT_OBJC_ISA_USAGE = YES_ERROR;
				CLANG_WARN_DOCUMENTATION_COMMENTS = YES;
				CLANG_WARN_EMPTY_BODY = YES;
				CLANG_WARN_ENUM_CONVERSION = YES;
				CLANG_WARN_INFINITE_RECURSION = YES;
				CLANG_WARN_INT_CONVERSION = YES;
				CLANG_WARN_OBJC_ROOT_CLASS = YES_ERROR;
				CLANG_WARN_SUSPICIOUS_MOVE = YES;
				CLANG_WARN_UNREACHABLE_CODE = YES;
				CLANG_WARN__DUPLICATE_METHOD_MATCH = YES;
				"CODE_SIGN_IDENTITY[sdk=iphoneos*]" = "iPhone Developer";
				COPY_PHASE_STRIP = NO;
				DEBUG_INFORMATION_FORMAT = dwarf;
				ENABLE_STRICT_OBJC_MSGSEND = YES;
				ENABLE_TESTABILITY = YES;
				GCC_C_LANGUAGE_STANDARD = gnu99;
				GCC_DYNAMIC_NO_PIC = NO;
				GCC_NO_COMMON_BLOCKS = YES;
				GCC_OPTIMIZATION_LEVEL = 0;
				GCC_PREPROCESSOR_DEFINITIONS = (
					"DEBUG=1",
					"$(inherited)",
				);
				GCC_WARN_64_TO_32_BIT_CONVERSION = YES;
				GCC_WARN_ABOUT_RETURN_TYPE = YES_ERROR;
				GCC_WARN_UNDECLARED_SELECTOR = YES;
				GCC_WARN_UNINITIALIZED_AUTOS = YES_AGGRESSIVE;
				GCC_WARN_UNUSED_FUNCTION = YES;
				GCC_WARN_UNUSED_VARIABLE = YES;
				IPHONEOS_DEPLOYMENT_TARGET = 10.3;
				MTL_ENABLE_DEBUG_INFO = YES;
				ONLY_ACTIVE_ARCH = YES;
				SDKROOT = iphoneos;
				SWIFT_ACTIVE_COMPILATION_CONDITIONS = DEBUG;
				SWIFT_OPTIMIZATION_LEVEL = "-Onone";
				TARGETED_DEVICE_FAMILY = "1,2";
			};
			name = Debug;
		};
		268C4CFA1EDF0ACA0049AE32 /* Release */ = {
			isa = XCBuildConfiguration;
			buildSettings = {
				ALWAYS_SEARCH_USER_PATHS = NO;
				CLANG_ANALYZER_NONNULL = YES;
				CLANG_ANALYZER_NUMBER_OBJECT_CONVERSION = YES_AGGRESSIVE;
				CLANG_CXX_LANGUAGE_STANDARD = "gnu++0x";
				CLANG_CXX_LIBRARY = "libc++";
				CLANG_ENABLE_MODULES = YES;
				CLANG_ENABLE_OBJC_ARC = YES;
				CLANG_WARN_BOOL_CONVERSION = YES;
				CLANG_WARN_CONSTANT_CONVERSION = YES;
				CLANG_WARN_DIRECT_OBJC_ISA_USAGE = YES_ERROR;
				CLANG_WARN_DOCUMENTATION_COMMENTS = YES;
				CLANG_WARN_EMPTY_BODY = YES;
				CLANG_WARN_ENUM_CONVERSION = YES;
				CLANG_WARN_INFINITE_RECURSION = YES;
				CLANG_WARN_INT_CONVERSION = YES;
				CLANG_WARN_OBJC_ROOT_CLASS = YES_ERROR;
				CLANG_WARN_SUSPICIOUS_MOVE = YES;
				CLANG_WARN_UNREACHABLE_CODE = YES;
				CLANG_WARN__DUPLICATE_METHOD_MATCH = YES;
				"CODE_SIGN_IDENTITY[sdk=iphoneos*]" = "iPhone Developer";
				COPY_PHASE_STRIP = NO;
				DEBUG_INFORMATION_FORMAT = "dwarf-with-dsym";
				ENABLE_NS_ASSERTIONS = NO;
				ENABLE_STRICT_OBJC_MSGSEND = YES;
				GCC_C_LANGUAGE_STANDARD = gnu99;
				GCC_NO_COMMON_BLOCKS = YES;
				GCC_WARN_64_TO_32_BIT_CONVERSION = YES;
				GCC_WARN_ABOUT_RETURN_TYPE = YES_ERROR;
				GCC_WARN_UNDECLARED_SELECTOR = YES;
				GCC_WARN_UNINITIALIZED_AUTOS = YES_AGGRESSIVE;
				GCC_WARN_UNUSED_FUNCTION = YES;
				GCC_WARN_UNUSED_VARIABLE = YES;
				IPHONEOS_DEPLOYMENT_TARGET = 10.3;
				MTL_ENABLE_DEBUG_INFO = NO;
				SDKROOT = iphoneos;
				SWIFT_OPTIMIZATION_LEVEL = "-Owholemodule";
				TARGETED_DEVICE_FAMILY = "1,2";
				VALIDATE_PRODUCT = YES;
			};
			name = Release;
		};
		268C4CFC1EDF0ACA0049AE32 /* Debug */ = {
			isa = XCBuildConfiguration;
			buildSettings = {
				ASSETCATALOG_COMPILER_APPICON_NAME = AppIcon;
				DEVELOPMENT_TEAM = JG332KPJ4U;
				INFOPLIST_FILE = Project4_CircularTimer/Info.plist;
				IPHONEOS_DEPLOYMENT_TARGET = 10.2;
				LD_RUNPATH_SEARCH_PATHS = "$(inherited) @executable_path/Frameworks";
				PRODUCT_BUNDLE_IDENTIFIER = "kanchanyadav.Project4-CircularTimer";
				PRODUCT_NAME = "$(TARGET_NAME)";
				SWIFT_VERSION = 3.0;
			};
			name = Debug;
		};
		268C4CFD1EDF0ACA0049AE32 /* Release */ = {
			isa = XCBuildConfiguration;
			buildSettings = {
				ASSETCATALOG_COMPILER_APPICON_NAME = AppIcon;
				DEVELOPMENT_TEAM = JG332KPJ4U;
				INFOPLIST_FILE = Project4_CircularTimer/Info.plist;
				IPHONEOS_DEPLOYMENT_TARGET = 10.2;
				LD_RUNPATH_SEARCH_PATHS = "$(inherited) @executable_path/Frameworks";
				PRODUCT_BUNDLE_IDENTIFIER = "kanchanyadav.Project4-CircularTimer";
				PRODUCT_NAME = "$(TARGET_NAME)";
				SWIFT_VERSION = 3.0;
			};
			name = Release;
		};
/* End XCBuildConfiguration section */

/* Begin XCConfigurationList section */
		268C4CE41EDF0ACA0049AE32 /* Build configuration list for PBXProject "Project4_CircularTimer" */ = {
			isa = XCConfigurationList;
			buildConfigurations = (
				268C4CF91EDF0ACA0049AE32 /* Debug */,
				268C4CFA1EDF0ACA0049AE32 /* Release */,
			);
			defaultConfigurationIsVisible = 0;
			defaultConfigurationName = Release;
		};
		268C4CFB1EDF0ACA0049AE32 /* Build configuration list for PBXNativeTarget "Project4_CircularTimer" */ = {
			isa = XCConfigurationList;
			buildConfigurations = (
				268C4CFC1EDF0ACA0049AE32 /* Debug */,
				268C4CFD1EDF0ACA0049AE32 /* Release */,
			);
			defaultConfigurationIsVisible = 0;
		};
/* End XCConfigurationList section */
	};
	rootObject = 268C4CE11EDF0ACA0049AE32 /* Project object */;
}
